
Microsoft Visual Studio Solution File, Format Version 12.00
# Visual Studio Version 17
VisualStudioVersion = 17.8.34511.84
MinimumVisualStudioVersion = 10.0.40219.1
Project("{9A19103F-16F7-4668-BE54-9A1E7A4F7556}") = "OOB_Assessment1", "OOB_Assessment1.csproj", "{73754CC1-D3E0-42FC-A22F-89C47C41C66C}"
EndProject
Global
	GlobalSection(SolutionConfigurationPlatforms) = preSolution
		Debug|Any CPU = Debug|Any CPU
		Release|Any CPU = Release|Any CPU
	EndGlobalSection
	GlobalSection(ProjectConfigurationPlatforms) = postSolution
		{73754CC1-D3E0-42FC-A22F-89C47C41C66C}.Debug|Any CPU.ActiveCfg = Debug|Any CPU
		{73754CC1-D3E0-42FC-A22F-89C47C41C66C}.Debug|Any CPU.Build.0 = Debug|Any CPU
		{73754CC1-D3E0-42FC-A22F-89C47C41C66C}.Release|Any CPU.ActiveCfg = Release|Any CPU
		{73754CC1-D3E0-42FC-A22F-89C47C41C66C}.Release|Any CPU.Build.0 = Release|Any CPU
	EndGlobalSection
	GlobalSection(SolutionProperties) = preSolution
		HideSolutionNode = FALSE
	EndGlobalSection
	GlobalSection(ExtensibilityGlobals) = postSolution
		SolutionGuid = {91798B12-58A8-4392-B568-0FD1CCB6A70A}
	EndGlobalSection
EndGlobal
