
Microsoft Visual Studio Solution File, Format Version 12.00
# Visual Studio Version 17
VisualStudioVersion = 17.9.34616.47
MinimumVisualStudioVersion = 10.0.40219.1
Project("{FAE04EC0-301F-11D3-BF4B-00C04F79EFBC}") = "OOPassessment1b", "OOPassessment1b.csproj", "{8549280F-382E-4906-9497-B9D83472180E}"
EndProject
Global
	GlobalSection(SolutionConfigurationPlatforms) = preSolution
		Debug|Any CPU = Debug|Any CPU
		Release|Any CPU = Release|Any CPU
	EndGlobalSection
	GlobalSection(ProjectConfigurationPlatforms) = postSolution
		{8549280F-382E-4906-9497-B9D83472180E}.Debug|Any CPU.ActiveCfg = Debug|Any CPU
		{8549280F-382E-4906-9497-B9D83472180E}.Debug|Any CPU.Build.0 = Debug|Any CPU
		{8549280F-382E-4906-9497-B9D83472180E}.Release|Any CPU.ActiveCfg = Release|Any CPU
		{8549280F-382E-4906-9497-B9D83472180E}.Release|Any CPU.Build.0 = Release|Any CPU
	EndGlobalSection
	GlobalSection(SolutionProperties) = preSolution
		HideSolutionNode = FALSE
	EndGlobalSection
	GlobalSection(ExtensibilityGlobals) = postSolution
		SolutionGuid = {2F9407D5-8E96-4DF7-BE4B-698B3CA2D180}
	EndGlobalSection
EndGlobal
